PODS:
  - Alamofire (4.7.2)
  - AlamofireImage (3.3.1):
    - Alamofire (~> 4.5)
  - GoogleMaps (2.7.0):
    - GoogleMaps/Maps (= 2.7.0)
  - GoogleMaps/Base (2.7.0)
  - GoogleMaps/Maps (2.7.0):
    - GoogleMaps/Base

DEPENDENCIES:
  - Alamofire (~> 4.7)
  - AlamofireImage (~> 3.3)
  - GoogleMaps

SPEC CHECKSUMS:
  Alamofire: e4fa87002c137ba2d8d634d2c51fabcda0d5c223
  AlamofireImage: 3b35b586853abaf94ca1250f4e94cff3c21a4c0d
  GoogleMaps: f79af95cb24d869457b1f961c93d3ce8b2f3b848

PODFILE CHECKSUM: 43e84229d902977b6aa2973b7fc44f10b081e9c1

COCOAPODS: 1.4.0
